// !$*UTF8*$!
{
	archiveVersion = 1;
	classes = {
	};
	objectVersion = 46;
	objects = {

/* Begin PBXBuildFile section */
		B8E6EC1A1B4E8DF600368569 /* main.m in Sources */ = {isa = PBXBuildFile; fileRef = B8E6EC191B4E8DF600368569 /* main.m */; };
		B8E6EC1D1B4E8DF600368569 /* AppDelegate.m in Sources */ = {isa = PBXBuildFile; fileRef = B8E6EC1C1B4E8DF600368569 /* AppDelegate.m */; };
		B8E6EC201B4E8DF600368569 /* ViewController.m in Sources */ = {isa = PBXBuildFile; fileRef = B8E6EC1F1B4E8DF600368569 /* ViewController.m */; };
		B8E6EC251B4E8DF600368569 /* Images.xcassets in Resources */ = {isa = PBXBuildFile; fileRef = B8E6EC241B4E8DF600368569 /* Images.xcassets */; };
		B8E6EC341B4E8DF600368569 /* CellSuspendTests.m in Sources */ = {isa = PBXBuildFile; fileRef = B8E6EC331B4E8DF600368569 /* CellSuspendTests.m */; };
		B8E6EC421B4E955B00368569 /* TitleTableViewCell.m in Sources */ = {isa = PBXBuildFile; fileRef = B8E6EC411B4E955B00368569 /* TitleTableViewCell.m */; };
		B8F28D7D1B4FB18400D59DED /* TitleCard.m in Sources */ = {isa = PBXBuildFile; fileRef = B8F28D7C1B4FB18400D59DED /* TitleCard.m */; };
		B8F28D831B4FB1B900D59DED /* WBCard+UI.m in Sources */ = {isa = PBXBuildFile; fileRef = B8F28D821B4FB1B900D59DED /* WBCard+UI.m */; };
		B8F28D861B4FB3FB00D59DED /* WBTableViewCell.m in Sources */ = {isa = PBXBuildFile; fileRef = B8F28D851B4FB3FB00D59DED /* WBTableViewCell.m */; };
		B8F28D891B4FB42C00D59DED /* WBCard.m in Sources */ = {isa = PBXBuildFile; fileRef = B8F28D881B4FB42C00D59DED /* WBCard.m */; };
		B8F28D8E1B4FBF3900D59DED /* ImageCard.m in Sources */ = {isa = PBXBuildFile; fileRef = B8F28D8D1B4FBF3900D59DED /* ImageCard.m */; };
		B8F28D911B4FBF5E00D59DED /* ImageTableViewCell.m in Sources */ = {isa = PBXBuildFile; fileRef = B8F28D901B4FBF5E00D59DED /* ImageTableViewCell.m */; };
		B8F28D941B4FC0C000D59DED /* imageIcon.jpg in Resources */ = {isa = PBXBuildFile; fileRef = B8F28D931B4FC0C000D59DED /* imageIcon.jpg */; };
/* End PBXBuildFile section */

/* Begin PBXContainerItemProxy section */
		B8E6EC2E1B4E8DF600368569 /* PBXContainerItemProxy */ = {
			isa = PBXContainerItemProxy;
			containerPortal = B8E6EC0C1B4E8DF600368569 /* Project object */;
			proxyType = 1;
			remoteGlobalIDString = B8E6EC131B4E8DF600368569;
			remoteInfo = CellSuspend;
		};
/* End PBXContainerItemProxy section */

/* Begin PBXFileReference section */
		B8E6EC141B4E8DF600368569 /* CellSuspend.app */ = {isa = PBXFileReference; explicitFileType = wrapper.application; includeInIndex = 0; path = CellSuspend.app; sourceTree = BUILT_PRODUCTS_DIR; };
		B8E6EC181B4E8DF600368569 /* Info.plist */ = {isa = PBXFileReference; lastKnownFileType = text.plist.xml; path = Info.plist; sourceTree = "<group>"; };
		B8E6EC191B4E8DF600368569 /* main.m */ = {isa = PBXFileReference; lastKnownFileType = sourcecode.c.objc; path = main.m; sourceTree = "<group>"; };
		B8E6EC1B1B4E8DF600368569 /* AppDelegate.h */ = {isa = PBXFileReference; lastKnownFileType = sourcecode.c.h; path = AppDelegate.h; sourceTree = "<group>"; };
		B8E6EC1C1B4E8DF600368569 /* AppDelegate.m */ = {isa = PBXFileReference; lastKnownFileType = sourcecode.c.objc; path = AppDelegate.m; sourceTree = "<group>"; };
		B8E6EC1E1B4E8DF600368569 /* ViewController.h */ = {isa = PBXFileReference; lastKnownFileType = sourcecode.c.h; path = ViewController.h; sourceTree = "<group>"; };
		B8E6EC1F1B4E8DF600368569 /* ViewController.m */ = {isa = PBXFileReference; lastKnownFileType = sourcecode.c.objc; path = ViewController.m; sourceTree = "<group>"; };
		B8E6EC241B4E8DF600368569 /* Images.xcassets */ = {isa = PBXFileReference; lastKnownFileType = folder.assetcatalog; path = Images.xcassets; sourceTree = "<group>"; };
		B8E6EC2D1B4E8DF600368569 /* CellSuspendTests.xctest */ = {isa = PBXFileReference; explicitFileType = wrapper.cfbundle; includeInIndex = 0; path = CellSuspendTests.xctest; sourceTree = BUILT_PRODUCTS_DIR; };
		B8E6EC321B4E8DF600368569 /* Info.plist */ = {isa = PBXFileReference; lastKnownFileType = text.plist.xml; path = Info.plist; sourceTree = "<group>"; };
		B8E6EC331B4E8DF600368569 /* CellSuspendTests.m */ = {isa = PBXFileReference; lastKnownFileType = sourcecode.c.objc; path = CellSuspendTests.m; sourceTree = "<group>"; };
		B8E6EC401B4E955B00368569 /* TitleTableViewCell.h */ = {isa = PBXFileReference; fileEncoding = 4; lastKnownFileType = sourcecode.c.h; path = TitleTableViewCell.h; sourceTree = "<group>"; };
		B8E6EC411B4E955B00368569 /* TitleTableViewCell.m */ = {isa = PBXFileReference; fileEncoding = 4; lastKnownFileType = sourcecode.c.objc; path = TitleTableViewCell.m; sourceTree = "<group>"; };
		B8F28D7B1B4FB18300D59DED /* TitleCard.h */ = {isa = PBXFileReference; fileEncoding = 4; lastKnownFileType = sourcecode.c.h; path = TitleCard.h; sourceTree = "<group>"; };
		B8F28D7C1B4FB18400D59DED /* TitleCard.m */ = {isa = PBXFileReference; fileEncoding = 4; lastKnownFileType = sourcecode.c.objc; path = TitleCard.m; sourceTree = "<group>"; };
		B8F28D811B4FB1B900D59DED /* WBCard+UI.h */ = {isa = PBXFileReference; fileEncoding = 4; lastKnownFileType = sourcecode.c.h; path = "WBCard+UI.h"; sourceTree = "<group>"; };
		B8F28D821B4FB1B900D59DED /* WBCard+UI.m */ = {isa = PBXFileReference; fileEncoding = 4; lastKnownFileType = sourcecode.c.objc; path = "WBCard+UI.m"; sourceTree = "<group>"; };
		B8F28D841B4FB3FB00D59DED /* WBTableViewCell.h */ = {isa = PBXFileReference; fileEncoding = 4; lastKnownFileType = sourcecode.c.h; path = WBTableViewCell.h; sourceTree = "<group>"; };
		B8F28D851B4FB3FB00D59DED /* WBTableViewCell.m */ = {isa = PBXFileReference; fileEncoding = 4; lastKnownFileType = sourcecode.c.objc; path = WBTableViewCell.m; sourceTree = "<group>"; };
		B8F28D871B4FB42C00D59DED /* WBCard.h */ = {isa = PBXFileReference; fileEncoding = 4; lastKnownFileType = sourcecode.c.h; path = WBCard.h; sourceTree = "<group>"; };
		B8F28D881B4FB42C00D59DED /* WBCard.m */ = {isa = PBXFileReference; fileEncoding = 4; lastKnownFileType = sourcecode.c.objc; path = WBCard.m; sourceTree = "<group>"; };
		B8F28D8C1B4FBF3900D59DED /* ImageCard.h */ = {isa = PBXFileReference; fileEncoding = 4; lastKnownFileType = sourcecode.c.h; path = ImageCard.h; sourceTree = "<group>"; };
		B8F28D8D1B4FBF3900D59DED /* ImageCard.m */ = {isa = PBXFileReference; fileEncoding = 4; lastKnownFileType = sourcecode.c.objc; path = ImageCard.m; sourceTree = "<group>"; };
		B8F28D8F1B4FBF5E00D59DED /* ImageTableViewCell.h */ = {isa = PBXFileReference; fileEncoding = 4; lastKnownFileType = sourcecode.c.h; path = ImageTableViewCell.h; sourceTree = "<group>"; };
		B8F28D901B4FBF5E00D59DED /* ImageTableViewCell.m */ = {isa = PBXFileReference; fileEncoding = 4; lastKnownFileType = sourcecode.c.objc; path = ImageTableViewCell.m; sourceTree = "<group>"; };
		B8F28D931B4FC0C000D59DED /* imageIcon.jpg */ = {isa = PBXFileReference; lastKnownFileType = image.jpeg; path = imageIcon.jpg; sourceTree = "<group>"; };
/* End PBXFileReference section */

/* Begin PBXFrameworksBuildPhase section */
		B8E6EC111B4E8DF600368569 /* Frameworks */ = {
			isa = PBXFrameworksBuildPhase;
			buildActionMask = 2147483647;
			files = (
			);
			runOnlyForDeploymentPostprocessing = 0;
		};
		B8E6EC2A1B4E8DF600368569 /* Frameworks */ = {
			isa = PBXFrameworksBuildPhase;
			buildActionMask = 2147483647;
			files = (
			);
			runOnlyForDeploymentPostprocessing = 0;
		};
/* End PBXFrameworksBuildPhase section */

/* Begin PBXGroup section */
		B8E6EC0B1B4E8DF600368569 = {
			isa = PBXGroup;
			children = (
				B8E6EC161B4E8DF600368569 /* CellSuspend */,
				B8E6EC301B4E8DF600368569 /* CellSuspendTests */,
				B8E6EC151B4E8DF600368569 /* Products */,
			);
			sourceTree = "<group>";
		};
		B8E6EC151B4E8DF600368569 /* Products */ = {
			isa = PBXGroup;
			children = (
				B8E6EC141B4E8DF600368569 /* CellSuspend.app */,
				B8E6EC2D1B4E8DF600368569 /* CellSuspendTests.xctest */,
			);
			name = Products;
			sourceTree = "<group>";
		};
		B8E6EC161B4E8DF600368569 /* CellSuspend */ = {
			isa = PBXGroup;
			children = (
				B8F28D921B4FC0B700D59DED /* resources */,
				B8F28D8B1B4FBE9B00D59DED /* OtherCard */,
				B8F28D8A1B4FBE8B00D59DED /* Base */,
				B8E6EC1B1B4E8DF600368569 /* AppDelegate.h */,
				B8E6EC1C1B4E8DF600368569 /* AppDelegate.m */,
				B8E6EC1E1B4E8DF600368569 /* ViewController.h */,
				B8E6EC1F1B4E8DF600368569 /* ViewController.m */,
				B8E6EC241B4E8DF600368569 /* Images.xcassets */,
				B8E6EC171B4E8DF600368569 /* Supporting Files */,
			);
			path = CellSuspend;
			sourceTree = "<group>";
		};
		B8E6EC171B4E8DF600368569 /* Supporting Files */ = {
			isa = PBXGroup;
			children = (
				B8E6EC181B4E8DF600368569 /* Info.plist */,
				B8E6EC191B4E8DF600368569 /* main.m */,
			);
			name = "Supporting Files";
			sourceTree = "<group>";
		};
		B8E6EC301B4E8DF600368569 /* CellSuspendTests */ = {
			isa = PBXGroup;
			children = (
				B8E6EC331B4E8DF600368569 /* CellSuspendTests.m */,
				B8E6EC311B4E8DF600368569 /* Supporting Files */,
			);
			path = CellSuspendTests;
			sourceTree = "<group>";
		};
		B8E6EC311B4E8DF600368569 /* Supporting Files */ = {
			isa = PBXGroup;
			children = (
				B8E6EC321B4E8DF600368569 /* Info.plist */,
			);
			name = "Supporting Files";
			sourceTree = "<group>";
		};
		B8F28D8A1B4FBE8B00D59DED /* Base */ = {
			isa = PBXGroup;
			children = (
				B8F28D841B4FB3FB00D59DED /* WBTableViewCell.h */,
				B8F28D851B4FB3FB00D59DED /* WBTableViewCell.m */,
				B8F28D871B4FB42C00D59DED /* WBCard.h */,
				B8F28D881B4FB42C00D59DED /* WBCard.m */,
				B8F28D811B4FB1B900D59DED /* WBCard+UI.h */,
				B8F28D821B4FB1B900D59DED /* WBCard+UI.m */,
			);
			name = Base;
			sourceTree = "<group>";
		};
		B8F28D8B1B4FBE9B00D59DED /* OtherCard */ = {
			isa = PBXGroup;
			children = (
				B8F28D7B1B4FB18300D59DED /* TitleCard.h */,
				B8F28D7C1B4FB18400D59DED /* TitleCard.m */,
				B8E6EC401B4E955B00368569 /* TitleTableViewCell.h */,
				B8E6EC411B4E955B00368569 /* TitleTableViewCell.m */,
				B8F28D8C1B4FBF3900D59DED /* ImageCard.h */,
				B8F28D8D1B4FBF3900D59DED /* ImageCard.m */,
				B8F28D8F1B4FBF5E00D59DED /* ImageTableViewCell.h */,
				B8F28D901B4FBF5E00D59DED /* ImageTableViewCell.m */,
			);
			name = OtherCard;
			sourceTree = "<group>";
		};
		B8F28D921B4FC0B700D59DED /* resources */ = {
			isa = PBXGroup;
			children = (
				B8F28D931B4FC0C000D59DED /* imageIcon.jpg */,
			);
			name = resources;
			sourceTree = "<group>";
		};
/* End PBXGroup section */

/* Begin PBXNativeTarget section */
		B8E6EC131B4E8DF600368569 /* CellSuspend */ = {
			isa = PBXNativeTarget;
			buildConfigurationList = B8E6EC371B4E8DF600368569 /* Build configuration list for PBXNativeTarget "CellSuspend" */;
			buildPhases = (
				B8E6EC101B4E8DF600368569 /* Sources */,
				B8E6EC111B4E8DF600368569 /* Frameworks */,
				B8E6EC121B4E8DF600368569 /* Resources */,
			);
			buildRules = (
			);
			dependencies = (
			);
			name = CellSuspend;
			productName = CellSuspend;
			productReference = B8E6EC141B4E8DF600368569 /* CellSuspend.app */;
			productType = "com.apple.product-type.application";
		};
		B8E6EC2C1B4E8DF600368569 /* CellSuspendTests */ = {
			isa = PBXNativeTarget;
			buildConfigurationList = B8E6EC3A1B4E8DF600368569 /* Build configuration list for PBXNativeTarget "CellSuspendTests" */;
			buildPhases = (
				B8E6EC291B4E8DF600368569 /* Sources */,
				B8E6EC2A1B4E8DF600368569 /* Frameworks */,
				B8E6EC2B1B4E8DF600368569 /* Resources */,
			);
			buildRules = (
			);
			dependencies = (
				B8E6EC2F1B4E8DF600368569 /* PBXTargetDependency */,
			);
			name = CellSuspendTests;
			productName = CellSuspendTests;
			productReference = B8E6EC2D1B4E8DF600368569 /* CellSuspendTests.xctest */;
			productType = "com.apple.product-type.bundle.unit-test";
		};
/* End PBXNativeTarget section */

/* Begin PBXProject section */
		B8E6EC0C1B4E8DF600368569 /* Project object */ = {
			isa = PBXProject;
			attributes = {
				LastUpgradeCheck = 0640;
				ORGANIZATIONNAME = liudonghuan;
				TargetAttributes = {
					B8E6EC131B4E8DF600368569 = {
						CreatedOnToolsVersion = 6.4;
					};
					B8E6EC2C1B4E8DF600368569 = {
						CreatedOnToolsVersion = 6.4;
						TestTargetID = B8E6EC131B4E8DF600368569;
					};
				};
			};
			buildConfigurationList = B8E6EC0F1B4E8DF600368569 /* Build configuration list for PBXProject "CellSuspend" */;
			compatibilityVersion = "Xcode 3.2";
			developmentRegion = English;
			hasScannedForEncodings = 0;
			knownRegions = (
				en,
				Base,
			);
			mainGroup = B8E6EC0B1B4E8DF600368569;
			productRefGroup = B8E6EC151B4E8DF600368569 /* Products */;
			projectDirPath = "";
			projectRoot = "";
			targets = (
				B8E6EC131B4E8DF600368569 /* CellSuspend */,
				B8E6EC2C1B4E8DF600368569 /* CellSuspendTests */,
			);
		};
/* End PBXProject section */

/* Begin PBXResourcesBuildPhase section */
		B8E6EC121B4E8DF600368569 /* Resources */ = {
			isa = PBXResourcesBuildPhase;
			buildActionMask = 2147483647;
			files = (
				B8F28D941B4FC0C000D59DED /* imageIcon.jpg in Resources */,
				B8E6EC251B4E8DF600368569 /* Images.xcassets in Resources */,
			);
			runOnlyForDeploymentPostprocessing = 0;
		};
		B8E6EC2B1B4E8DF600368569 /* Resources */ = {
			isa = PBXResourcesBuildPhase;
			buildActionMask = 2147483647;
			files = (
			);
			runOnlyForDeploymentPostprocessing = 0;
		};
/* End PBXResourcesBuildPhase section */

/* Begin PBXSourcesBuildPhase section */
		B8E6EC101B4E8DF600368569 /* Sources */ = {
			isa = PBXSourcesBuildPhase;
			buildActionMask = 2147483647;
			files = (
				B8E6EC201B4E8DF600368569 /* ViewController.m in Sources */,
				B8F28D891B4FB42C00D59DED /* WBCard.m in Sources */,
				B8F28D861B4FB3FB00D59DED /* WBTableViewCell.m in Sources */,
				B8E6EC421B4E955B00368569 /* TitleTableViewCell.m in Sources */,
				B8F28D7D1B4FB18400D59DED /* TitleCard.m in Sources */,
				B8E6EC1D1B4E8DF600368569 /* AppDelegate.m in Sources */,
				B8F28D831B4FB1B900D59DED /* WBCard+UI.m in Sources */,
				B8F28D911B4FBF5E00D59DED /* ImageTableViewCell.m in Sources */,
				B8F28D8E1B4FBF3900D59DED /* ImageCard.m in Sources */,
				B8E6EC1A1B4E8DF600368569 /* main.m in Sources */,
			);
			runOnlyForDeploymentPostprocessing = 0;
		};
		B8E6EC291B4E8DF600368569 /* Sources */ = {
			isa = PBXSourcesBuildPhase;
			buildActionMask = 2147483647;
			files = (
				B8E6EC341B4E8DF600368569 /* CellSuspendTests.m in Sources */,
			);
			runOnlyForDeploymentPostprocessing = 0;
		};
/* End PBXSourcesBuildPhase section */

/* Begin PBXTargetDependency section */
		B8E6EC2F1B4E8DF600368569 /* PBXTargetDependency */ = {
			isa = PBXTargetDependency;
			target = B8E6EC131B4E8DF600368569 /* CellSuspend */;
			targetProxy = B8E6EC2E1B4E8DF600368569 /* PBXContainerItemProxy */;
		};
/* End PBXTargetDependency section */

/* Begin XCBuildConfiguration section */
		B8E6EC351B4E8DF600368569 /* Debug */ = {
			isa = XCBuildConfiguration;
			buildSettings = {
				ALWAYS_SEARCH_USER_PATHS = NO;
				CLANG_CXX_LANGUAGE_STANDARD = "gnu++0x";
				CLANG_CXX_LIBRARY = "libc++";
				CLANG_ENABLE_MODULES = YES;
				CLANG_ENABLE_OBJC_ARC = YES;
				CLANG_WARN_BOOL_CONVERSION = YES;
				CLANG_WARN_CONSTANT_CONVERSION = YES;
				CLANG_WARN_DIRECT_OBJC_ISA_USAGE = YES_ERROR;
				CLANG_WARN_EMPTY_BODY = YES;
				CLANG_WARN_ENUM_CONVERSION = YES;
				CLANG_WARN_INT_CONVERSION = YES;
				CLANG_WARN_OBJC_ROOT_CLASS = YES_ERROR;
				CLANG_WARN_UNREACHABLE_CODE = YES;
				CLANG_WARN__DUPLICATE_METHOD_MATCH = YES;
				"CODE_SIGN_IDENTITY[sdk=iphoneos*]" = "iPhone Developer";
				COPY_PHASE_STRIP = NO;
				DEBUG_INFORMATION_FORMAT = "dwarf-with-dsym";
				ENABLE_STRICT_OBJC_MSGSEND = YES;
				GCC_C_LANGUAGE_STANDARD = gnu99;
				GCC_DYNAMIC_NO_PIC = NO;
				GCC_NO_COMMON_BLOCKS = YES;
				GCC_OPTIMIZATION_LEVEL = 0;
				GCC_PREPROCESSOR_DEFINITIONS = (
					"DEBUG=1",
					"$(inherited)",
				);
				GCC_SYMBOLS_PRIVATE_EXTERN = NO;
				GCC_WARN_64_TO_32_BIT_CONVERSION = YES;
				GCC_WARN_ABOUT_RETURN_TYPE = YES_ERROR;
				GCC_WARN_UNDECLARED_SELECTOR = YES;
				GCC_WARN_UNINITIALIZED_AUTOS = YES_AGGRESSIVE;
				GCC_WARN_UNUSED_FUNCTION = YES;
				GCC_WARN_UNUSED_VARIABLE = YES;
				IPHONEOS_DEPLOYMENT_TARGET = 8.4;
				MTL_ENABLE_DEBUG_INFO = YES;
				ONLY_ACTIVE_ARCH = YES;
				SDKROOT = iphoneos;
			};
			name = Debug;
		};
		B8E6EC361B4E8DF600368569 /* Release */ = {
			isa = XCBuildConfiguration;
			buildSettings = {
				ALWAYS_SEARCH_USER_PATHS = NO;
				CLANG_CXX_LANGUAGE_STANDARD = "gnu++0x";
				CLANG_CXX_LIBRARY = "libc++";
				CLANG_ENABLE_MODULES = YES;
				CLANG_ENABLE_OBJC_ARC = YES;
				CLANG_WARN_BOOL_CONVERSION = YES;
				CLANG_WARN_CONSTANT_CONVERSION = YES;
				CLANG_WARN_DIRECT_OBJC_ISA_USAGE = YES_ERROR;
				CLANG_WARN_EMPTY_BODY = YES;
				CLANG_WARN_ENUM_CONVERSION = YES;
				CLANG_WARN_INT_CONVERSION = YES;
				CLANG_WARN_OBJC_ROOT_CLASS = YES_ERROR;
				CLANG_WARN_UNREACHABLE_CODE = YES;
				CLANG_WARN__DUPLICATE_METHOD_MATCH = YES;
				"CODE_SIGN_IDENTITY[sdk=iphoneos*]" = "iPhone Developer";
				COPY_PHASE_STRIP = NO;
				DEBUG_INFORMATION_FORMAT = "dwarf-with-dsym";
				ENABLE_NS_ASSERTIONS = NO;
				ENABLE_STRICT_OBJC_MSGSEND = YES;
				GCC_C_LANGUAGE_STANDARD = gnu99;
				GCC_NO_COMMON_BLOCKS = YES;
				GCC_WARN_64_TO_32_BIT_CONVERSION = YES;
				GCC_WARN_ABOUT_RETURN_TYPE = YES_ERROR;
				GCC_WARN_UNDECLARED_SELECTOR = YES;
				GCC_WARN_UNINITIALIZED_AUTOS = YES_AGGRESSIVE;
				GCC_WARN_UNUSED_FUNCTION = YES;
				GCC_WARN_UNUSED_VARIABLE = YES;
				IPHONEOS_DEPLOYMENT_TARGET = 8.4;
				MTL_ENABLE_DEBUG_INFO = NO;
				SDKROOT = iphoneos;
				VALIDATE_PRODUCT = YES;
			};
			name = Release;
		};
		B8E6EC381B4E8DF600368569 /* Debug */ = {
			isa = XCBuildConfiguration;
			buildSettings = {
				ASSETCATALOG_COMPILER_APPICON_NAME = AppIcon;
				INFOPLIST_FILE = CellSuspend/Info.plist;
				LD_RUNPATH_SEARCH_PATHS = "$(inherited) @executable_path/Frameworks";
				PRODUCT_NAME = "$(TARGET_NAME)";
			};
			name = Debug;
		};
		B8E6EC391B4E8DF600368569 /* Release */ = {
			isa = XCBuildConfiguration;
			buildSettings = {
				ASSETCATALOG_COMPILER_APPICON_NAME = AppIcon;
				INFOPLIST_FILE = CellSuspend/Info.plist;
				LD_RUNPATH_SEARCH_PATHS = "$(inherited) @executable_path/Frameworks";
				PRODUCT_NAME = "$(TARGET_NAME)";
			};
			name = Release;
		};
		B8E6EC3B1B4E8DF600368569 /* Debug */ = {
			isa = XCBuildConfiguration;
			buildSettings = {
				BUNDLE_LOADER = "$(TEST_HOST)";
				FRAMEWORK_SEARCH_PATHS = (
					"$(SDKROOT)/Developer/Library/Frameworks",
					"$(inherited)",
				);
				GCC_PREPROCESSOR_DEFINITIONS = (
					"DEBUG=1",
					"$(inherited)",
				);
				INFOPLIST_FILE = CellSuspendTests/Info.plist;
				LD_RUNPATH_SEARCH_PATHS = "$(inherited) @executable_path/Frameworks @loader_path/Frameworks";
				PRODUCT_NAME = "$(TARGET_NAME)";
				TEST_HOST = "$(BUILT_PRODUCTS_DIR)/CellSuspend.app/CellSuspend";
			};
			name = Debug;
		};
		B8E6EC3C1B4E8DF600368569 /* Release */ = {
			isa = XCBuildConfiguration;
			buildSettings = {
				BUNDLE_LOADER = "$(TEST_HOST)";
				FRAMEWORK_SEARCH_PATHS = (
					"$(SDKROOT)/Developer/Library/Frameworks",
					"$(inherited)",
				);
				INFOPLIST_FILE = CellSuspendTests/Info.plist;
				LD_RUNPATH_SEARCH_PATHS = "$(inherited) @executable_path/Frameworks @loader_path/Frameworks";
				PRODUCT_NAME = "$(TARGET_NAME)";
				TEST_HOST = "$(BUILT_PRODUCTS_DIR)/CellSuspend.app/CellSuspend";
			};
			name = Release;
		};
/* End XCBuildConfiguration section */

/* Begin XCConfigurationList section */
		B8E6EC0F1B4E8DF600368569 /* Build configuration list for PBXProject "CellSuspend" */ = {
			isa = XCConfigurationList;
			buildConfigurations = (
				B8E6EC351B4E8DF600368569 /* Debug */,
				B8E6EC361B4E8DF600368569 /* Release */,
			);
			defaultConfigurationIsVisible = 0;
			defaultConfigurationName = Release;
		};
		B8E6EC371B4E8DF600368569 /* Build configuration list for PBXNativeTarget "CellSuspend" */ = {
			isa = XCConfigurationList;
			buildConfigurations = (
				B8E6EC381B4E8DF600368569 /* Debug */,
				B8E6EC391B4E8DF600368569 /* Release */,
			);
			defaultConfigurationIsVisible = 0;
			defaultConfigurationName = Release;
		};
		B8E6EC3A1B4E8DF600368569 /* Build configuration list for PBXNativeTarget "CellSuspendTests" */ = {
			isa = XCConfigurationList;
			buildConfigurations = (
				B8E6EC3B1B4E8DF600368569 /* Debug */,
				B8E6EC3C1B4E8DF600368569 /* Release */,
			);
			defaultConfigurationIsVisible = 0;
			defaultConfigurationName = Release;
		};
/* End XCConfigurationList section */
	};
	rootObject = B8E6EC0C1B4E8DF600368569 /* Project object */;
}
